
Microsoft Visual Studio Solution File, Format Version 12.00
# Visual Studio Version 16
VisualStudioVersion = 16.0.31019.35
MinimumVisualStudioVersion = 10.0.40219.1
Project("{FAE04EC0-301F-11D3-BF4B-00C04F79EFBC}") = "Cesar_Encrypt", "Cesar_Encrypt\Cesar_Encrypt.csproj", "{EAC2C4D5-79B8-4C6B-BEA4-C5E8D55569A7}"
EndProject
Global
	GlobalSection(SolutionConfigurationPlatforms) = preSolution
		Debug|Any CPU = Debug|Any CPU
		Release|Any CPU = Release|Any CPU
	EndGlobalSection
	GlobalSection(ProjectConfigurationPlatforms) = postSolution
		{EAC2C4D5-79B8-4C6B-BEA4-C5E8D55569A7}.Debug|Any CPU.ActiveCfg = Debug|Any CPU
		{EAC2C4D5-79B8-4C6B-BEA4-C5E8D55569A7}.Debug|Any CPU.Build.0 = Debug|Any CPU
		{EAC2C4D5-79B8-4C6B-BEA4-C5E8D55569A7}.Release|Any CPU.ActiveCfg = Release|Any CPU
		{EAC2C4D5-79B8-4C6B-BEA4-C5E8D55569A7}.Release|Any CPU.Build.0 = Release|Any CPU
	EndGlobalSection
	GlobalSection(SolutionProperties) = preSolution
		HideSolutionNode = FALSE
	EndGlobalSection
	GlobalSection(ExtensibilityGlobals) = postSolution
		SolutionGuid = {2ABB0968-0F7E-40FE-AB2D-79DFF7C89535}
	EndGlobalSection
EndGlobal
